
Microsoft Visual Studio Solution File, Format Version 12.00
# Visual Studio Version 17
VisualStudioVersion = 17.0.31903.59
MinimumVisualStudioVersion = 10.0.40219.1
Project("{9A19103F-16F7-4668-BE54-9A1E7A4F7556}") = "UserManage", "Demotask\UserManage.csproj", "{B669F445-7730-4330-82B0-27D852500DF6}"
EndProject
Project("{9A19103F-16F7-4668-BE54-9A1E7A4F7556}") = "UserManage.entities", "Demotask.entities\UserManage.entities.csproj", "{BAFE14CD-F564-479B-829C-57D00BD8B134}"
EndProject
Project("{9A19103F-16F7-4668-BE54-9A1E7A4F7556}") = "UserManage.repository", "Demotask.repository\UserManage.repository.csproj", "{171749BD-B43E-49F9-BDD2-97DD8ADA8368}"
EndProject
Global
	GlobalSection(SolutionConfigurationPlatforms) = preSolution
		Debug|Any CPU = Debug|Any CPU
		Release|Any CPU = Release|Any CPU
	EndGlobalSection
	GlobalSection(ProjectConfigurationPlatforms) = postSolution
		{B669F445-7730-4330-82B0-27D852500DF6}.Debug|Any CPU.ActiveCfg = Debug|Any CPU
		{B669F445-7730-4330-82B0-27D852500DF6}.Debug|Any CPU.Build.0 = Debug|Any CPU
		{B669F445-7730-4330-82B0-27D852500DF6}.Release|Any CPU.ActiveCfg = Release|Any CPU
		{B669F445-7730-4330-82B0-27D852500DF6}.Release|Any CPU.Build.0 = Release|Any CPU
		{BAFE14CD-F564-479B-829C-57D00BD8B134}.Debug|Any CPU.ActiveCfg = Debug|Any CPU
		{BAFE14CD-F564-479B-829C-57D00BD8B134}.Debug|Any CPU.Build.0 = Debug|Any CPU
		{BAFE14CD-F564-479B-829C-57D00BD8B134}.Release|Any CPU.ActiveCfg = Release|Any CPU
		{BAFE14CD-F564-479B-829C-57D00BD8B134}.Release|Any CPU.Build.0 = Release|Any CPU
		{171749BD-B43E-49F9-BDD2-97DD8ADA8368}.Debug|Any CPU.ActiveCfg = Debug|Any CPU
		{171749BD-B43E-49F9-BDD2-97DD8ADA8368}.Debug|Any CPU.Build.0 = Debug|Any CPU
		{171749BD-B43E-49F9-BDD2-97DD8ADA8368}.Release|Any CPU.ActiveCfg = Release|Any CPU
		{171749BD-B43E-49F9-BDD2-97DD8ADA8368}.Release|Any CPU.Build.0 = Release|Any CPU
	EndGlobalSection
	GlobalSection(SolutionProperties) = preSolution
		HideSolutionNode = FALSE
	EndGlobalSection
	GlobalSection(ExtensibilityGlobals) = postSolution
		SolutionGuid = {8E921A46-7A20-4009-B48A-3B05A395A9D4}
	EndGlobalSection
EndGlobal
